// !$*UTF8*$!
{
	archiveVersion = 1;
	classes = {
	};
	objectVersion = 48;
	objects = {

/* Begin PBXBuildFile section */
		9B05220520576F76002879FC /* LeeKeyboardManager.m in Sources */ = {isa = PBXBuildFile; fileRef = 9B05220420576F76002879FC /* LeeKeyboardManager.m */; };
		9B0522082057AFFF002879FC /* LeeTips.m in Sources */ = {isa = PBXBuildFile; fileRef = 9B0522072057AFFF002879FC /* LeeTips.m */; };
		9B05223E2057BEBC002879FC /* LeeToastResource.bundle in Resources */ = {isa = PBXBuildFile; fileRef = 9B05223D2057BEBB002879FC /* LeeToastResource.bundle */; };
		9B0522412057C549002879FC /* LeeMarqueeLabel.m in Sources */ = {isa = PBXBuildFile; fileRef = 9B0522402057C549002879FC /* LeeMarqueeLabel.m */; };
		9B0522442058C388002879FC /* LeeButton.m in Sources */ = {isa = PBXBuildFile; fileRef = 9B0522432058C388002879FC /* LeeButton.m */; };
		9B052248205915C1002879FC /* LeePopupContainerView.m in Sources */ = {isa = PBXBuildFile; fileRef = 9B052247205915C1002879FC /* LeePopupContainerView.m */; };
		9B05224B205915DB002879FC /* LeePopupMenuView.m in Sources */ = {isa = PBXBuildFile; fileRef = 9B05224A205915DB002879FC /* LeePopupMenuView.m */; };
		9B07E51E205B964A00EC614C /* LeeAlertViewController.m in Sources */ = {isa = PBXBuildFile; fileRef = 9B07E51D205B964A00EC614C /* LeeAlertViewController.m */; };
		9B1CE513205282140025A143 /* LeeUITextField.m in Sources */ = {isa = PBXBuildFile; fileRef = 9B1CE512205282140025A143 /* LeeUITextField.m */; };
		9B1CE52A205380AF0025A143 /* LeeGridView.m in Sources */ = {isa = PBXBuildFile; fileRef = 9B1CE529205380AF0025A143 /* LeeGridView.m */; };
		9B1CE52D205620360025A143 /* LeeEmptyView.m in Sources */ = {isa = PBXBuildFile; fileRef = 9B1CE52C205620360025A143 /* LeeEmptyView.m */; };
		9B1CE531205669950025A143 /* LeeToastAnimator.m in Sources */ = {isa = PBXBuildFile; fileRef = 9B1CE530205669950025A143 /* LeeToastAnimator.m */; };
		9B1CE534205669B90025A143 /* LeeToastBackgroundView.m in Sources */ = {isa = PBXBuildFile; fileRef = 9B1CE533205669B90025A143 /* LeeToastBackgroundView.m */; };
		9B1CE537205669D20025A143 /* LeeToastContentView.m in Sources */ = {isa = PBXBuildFile; fileRef = 9B1CE536205669D20025A143 /* LeeToastContentView.m */; };
		9B1CE53A205669F20025A143 /* LeeToastView.m in Sources */ = {isa = PBXBuildFile; fileRef = 9B1CE539205669F20025A143 /* LeeToastView.m */; };
		9B39B8D5201C5620009156BC /* ModalView.m in Sources */ = {isa = PBXBuildFile; fileRef = 9B39B8D4201C5620009156BC /* ModalView.m */; };
		9B39B8D920201CA7009156BC /* RedView.m in Sources */ = {isa = PBXBuildFile; fileRef = 9B39B8D820201CA7009156BC /* RedView.m */; };
		9B4B6F681FFC92010032C025 /* Lee_SQLBuilder.m in Sources */ = {isa = PBXBuildFile; fileRef = 9B4B6F671FFC92010032C025 /* Lee_SQLBuilder.m */; };
		9B4B6F6B1FFC9BED0032C025 /* Lee_SQLSelectBuilder.m in Sources */ = {isa = PBXBuildFile; fileRef = 9B4B6F6A1FFC9BED0032C025 /* Lee_SQLSelectBuilder.m */; };
		9B4B6F6E1FFCB0360032C025 /* Lee_SQLInsertBuilder.m in Sources */ = {isa = PBXBuildFile; fileRef = 9B4B6F6D1FFCB0360032C025 /* Lee_SQLInsertBuilder.m */; };
		9B60CDB1205E51B000205988 /* LeeVisualEffectView.m in Sources */ = {isa = PBXBuildFile; fileRef = 9B60CDB0205E51B000205988 /* LeeVisualEffectView.m */; };
		9B60CDB4205E53B800205988 /* UIImageEffects.m in Sources */ = {isa = PBXBuildFile; fileRef = 9B60CDB2205E53B700205988 /* UIImageEffects.m */; };
		9B60CDB7205E548400205988 /* LeeFloatLayout.m in Sources */ = {isa = PBXBuildFile; fileRef = 9B60CDB6205E548400205988 /* LeeFloatLayout.m */; };
		9B7B03F120159704001CDAEB /* InfiniteBanner.m in Sources */ = {isa = PBXBuildFile; fileRef = 9B7B03F020159704001CDAEB /* InfiniteBanner.m */; };
		9B7B03F42015986E001CDAEB /* InfiniteConfiguration.m in Sources */ = {isa = PBXBuildFile; fileRef = 9B7B03F32015986E001CDAEB /* InfiniteConfiguration.m */; };
		9B9A7C8A2044FF12000EAC50 /* ImageClipedManager.m in Sources */ = {isa = PBXBuildFile; fileRef = 9B9A7C892044FF12000EAC50 /* ImageClipedManager.m */; };
		9B9A7C8D20454F5A000EAC50 /* UIButton+imageCliped.m in Sources */ = {isa = PBXBuildFile; fileRef = 9B9A7C8C20454F5A000EAC50 /* UIButton+imageCliped.m */; };
		9B9A7C9120455C71000EAC50 /* TagView.m in Sources */ = {isa = PBXBuildFile; fileRef = 9B9A7C9020455C71000EAC50 /* TagView.m */; };
		9B9D93DE204D000800FBB054 /* UINavigationBar+Transition.m in Sources */ = {isa = PBXBuildFile; fileRef = 9B9D93DD204D000800FBB054 /* UINavigationBar+Transition.m */; };
		9B9D93E1204D31FC00FBB054 /* UINavigationController+NavigationBarTransition.m in Sources */ = {isa = PBXBuildFile; fileRef = 9B9D93E0204D31FC00FBB054 /* UINavigationController+NavigationBarTransition.m */; };
		9B9D93E5204D47A200FBB054 /* LeeNavigationController.m in Sources */ = {isa = PBXBuildFile; fileRef = 9B9D93E4204D47A200FBB054 /* LeeNavigationController.m */; };
		9B9D93EC204E3A4000FBB054 /* CALayer+Lee.m in Sources */ = {isa = PBXBuildFile; fileRef = 9B9D93EB204E3A4000FBB054 /* CALayer+Lee.m */; };
		9B9D93F0204E416E00FBB054 /* NSAttributedString+Lee.m in Sources */ = {isa = PBXBuildFile; fileRef = 9B9D93EF204E416E00FBB054 /* NSAttributedString+Lee.m */; };
		9B9D93F3204E468800FBB054 /* NSString+Lee.m in Sources */ = {isa = PBXBuildFile; fileRef = 9B9D93F2204E468800FBB054 /* NSString+Lee.m */; };
		9B9D93F6204E484C00FBB054 /* UIActivityIndicatorView+Lee.m in Sources */ = {isa = PBXBuildFile; fileRef = 9B9D93F5204E484C00FBB054 /* UIActivityIndicatorView+Lee.m */; };
		9B9D93F9204E48E500FBB054 /* UIBezierPath+Lee.m in Sources */ = {isa = PBXBuildFile; fileRef = 9B9D93F8204E48E500FBB054 /* UIBezierPath+Lee.m */; };
		9B9D93FC204E4F2600FBB054 /* UIButton+Lee.m in Sources */ = {isa = PBXBuildFile; fileRef = 9B9D93FB204E4F2600FBB054 /* UIButton+Lee.m */; };
		9B9D93FF204E599800FBB054 /* UIColor+Lee.m in Sources */ = {isa = PBXBuildFile; fileRef = 9B9D93FE204E599800FBB054 /* UIColor+Lee.m */; };
		9B9D9402204E608B00FBB054 /* UIControl+Lee.m in Sources */ = {isa = PBXBuildFile; fileRef = 9B9D9401204E608A00FBB054 /* UIControl+Lee.m */; };
		9B9D9405204E745A00FBB054 /* UIImage+Lee.m in Sources */ = {isa = PBXBuildFile; fileRef = 9B9D9404204E745A00FBB054 /* UIImage+Lee.m */; };
		9B9D940A204FC9E900FBB054 /* UIImageView+Lee.m in Sources */ = {isa = PBXBuildFile; fileRef = 9B9D9409204FC9E900FBB054 /* UIImageView+Lee.m */; };
		9B9D940D204FCDEB00FBB054 /* UILabel+Lee.m in Sources */ = {isa = PBXBuildFile; fileRef = 9B9D940C204FCDEB00FBB054 /* UILabel+Lee.m */; };
		9B9D9410204FD58B00FBB054 /* UIScrollView+Lee.m in Sources */ = {isa = PBXBuildFile; fileRef = 9B9D940F204FD58B00FBB054 /* UIScrollView+Lee.m */; };
		9B9D9413204FD95500FBB054 /* UITabBar+Lee.m in Sources */ = {isa = PBXBuildFile; fileRef = 9B9D9412204FD95500FBB054 /* UITabBar+Lee.m */; };
		9B9D9416204FDB6900FBB054 /* UITabBarItem+Lee.m in Sources */ = {isa = PBXBuildFile; fileRef = 9B9D9415204FDB6900FBB054 /* UITabBarItem+Lee.m */; };
		9B9D9419204FE70900FBB054 /* UITextField+Lee.m in Sources */ = {isa = PBXBuildFile; fileRef = 9B9D9418204FE70900FBB054 /* UITextField+Lee.m */; };
		9B9D941C204FE81F00FBB054 /* UITextView+Lee.m in Sources */ = {isa = PBXBuildFile; fileRef = 9B9D941B204FE81F00FBB054 /* UITextView+Lee.m */; };
		9B9D9420205102C800FBB054 /* UIView+Lee.m in Sources */ = {isa = PBXBuildFile; fileRef = 9B9D941F205102C800FBB054 /* UIView+Lee.m */; };
		9B9D9423205114C200FBB054 /* UIViewController+Lee.m in Sources */ = {isa = PBXBuildFile; fileRef = 9B9D9422205114C200FBB054 /* UIViewController+Lee.m */; };
		9B9D9427205128AD00FBB054 /* LeeCollectionViewPageLayout.m in Sources */ = {isa = PBXBuildFile; fileRef = 9B9D9426205128AD00FBB054 /* LeeCollectionViewPageLayout.m */; };
		9B9D942E2052714B00FBB054 /* LeeUILabel.m in Sources */ = {isa = PBXBuildFile; fileRef = 9B9D942D2052714B00FBB054 /* LeeUILabel.m */; };
		9BA8CCB7205A6E8B00968DC3 /* LeeModalPresentationViewController.m in Sources */ = {isa = PBXBuildFile; fileRef = 9BA8CCB6205A6E8B00968DC3 /* LeeModalPresentationViewController.m */; };
		9BB4672D203C438500F39BBC /* TagConfig.m in Sources */ = {isa = PBXBuildFile; fileRef = 9BB4672C203C438500F39BBC /* TagConfig.m */; };
		9BB46731203C56F600F39BBC /* UIImage+corner.m in Sources */ = {isa = PBXBuildFile; fileRef = 9BB46730203C56F600F39BBC /* UIImage+corner.m */; };
		9BB467342043BE3300F39BBC /* UIView+corner.m in Sources */ = {isa = PBXBuildFile; fileRef = 9BB467332043BE3300F39BBC /* UIView+corner.m */; };
		9BEEC39B1FE35DA30016D5DD /* LeeCustomNavigationBar.m in Sources */ = {isa = PBXBuildFile; fileRef = 9BEEC39A1FE35DA30016D5DD /* LeeCustomNavigationBar.m */; };
		9BFC7BBB1FE2265300C53E54 /* AppDelegate.m in Sources */ = {isa = PBXBuildFile; fileRef = 9BFC7BBA1FE2265300C53E54 /* AppDelegate.m */; };
		9BFC7BBE1FE2265300C53E54 /* ViewController.m in Sources */ = {isa = PBXBuildFile; fileRef = 9BFC7BBD1FE2265300C53E54 /* ViewController.m */; };
		9BFC7BC11FE2265300C53E54 /* Main.storyboard in Resources */ = {isa = PBXBuildFile; fileRef = 9BFC7BBF1FE2265300C53E54 /* Main.storyboard */; };
		9BFC7BC31FE2265300C53E54 /* Assets.xcassets in Resources */ = {isa = PBXBuildFile; fileRef = 9BFC7BC21FE2265300C53E54 /* Assets.xcassets */; };
		9BFC7BC61FE2265300C53E54 /* LaunchScreen.storyboard in Resources */ = {isa = PBXBuildFile; fileRef = 9BFC7BC41FE2265300C53E54 /* LaunchScreen.storyboard */; };
		9BFC7BC91FE2265300C53E54 /* main.m in Sources */ = {isa = PBXBuildFile; fileRef = 9BFC7BC81FE2265300C53E54 /* main.m */; };
		9BFC7BDA1FE226A300C53E54 /* YYDiskCache.m in Sources */ = {isa = PBXBuildFile; fileRef = 9BFC7BD21FE2269B00C53E54 /* YYDiskCache.m */; };
		9BFC7BDB1FE226A600C53E54 /* YYCache.m in Sources */ = {isa = PBXBuildFile; fileRef = 9BFC7BD41FE2269B00C53E54 /* YYCache.m */; };
		9BFC7BDC1FE226A900C53E54 /* YYKVStorage.m in Sources */ = {isa = PBXBuildFile; fileRef = 9BFC7BD81FE2269B00C53E54 /* YYKVStorage.m */; };
		9BFC7BDD1FE226AD00C53E54 /* YYMemoryCache.m in Sources */ = {isa = PBXBuildFile; fileRef = 9BFC7BD91FE2269B00C53E54 /* YYMemoryCache.m */; };
		9BFC7C041FE226D100C53E54 /* AFURLResponseSerialization.m in Sources */ = {isa = PBXBuildFile; fileRef = 9BFC7BFB1FE226C500C53E54 /* AFURLResponseSerialization.m */; };
		9BFC7C051FE226D400C53E54 /* AFHTTPSessionManager.m in Sources */ = {isa = PBXBuildFile; fileRef = 9BFC7BFC1FE226C500C53E54 /* AFHTTPSessionManager.m */; };
		9BFC7C061FE226D700C53E54 /* AFURLSessionManager.m in Sources */ = {isa = PBXBuildFile; fileRef = 9BFC7BFE1FE226C500C53E54 /* AFURLSessionManager.m */; };
		9BFC7C071FE226D900C53E54 /* AFURLRequestSerialization.m in Sources */ = {isa = PBXBuildFile; fileRef = 9BFC7BFF1FE226C500C53E54 /* AFURLRequestSerialization.m */; };
		9BFC7C081FE226DC00C53E54 /* AFNetworkReachabilityManager.m in Sources */ = {isa = PBXBuildFile; fileRef = 9BFC7C011FE226C500C53E54 /* AFNetworkReachabilityManager.m */; };
		9BFC7C091FE226DF00C53E54 /* AFSecurityPolicy.m in Sources */ = {isa = PBXBuildFile; fileRef = 9BFC7C021FE226C500C53E54 /* AFSecurityPolicy.m */; };
		9BFC7C0A1FE226E700C53E54 /* UIProgressView+AFNetworking.m in Sources */ = {isa = PBXBuildFile; fileRef = 9BFC7BE21FE226C500C53E54 /* UIProgressView+AFNetworking.m */; };
		9BFC7C0B1FE226E900C53E54 /* UIRefreshControl+AFNetworking.m in Sources */ = {isa = PBXBuildFile; fileRef = 9BFC7BE41FE226C500C53E54 /* UIRefreshControl+AFNetworking.m */; };
		9BFC7C0C1FE226EC00C53E54 /* AFNetworkActivityIndicatorManager.m in Sources */ = {isa = PBXBuildFile; fileRef = 9BFC7BE71FE226C500C53E54 /* AFNetworkActivityIndicatorManager.m */; };
		9BFC7C0D1FE226F000C53E54 /* UIImageView+AFNetworking.m in Sources */ = {isa = PBXBuildFile; fileRef = 9BFC7BED1FE226C500C53E54 /* UIImageView+AFNetworking.m */; };
		9BFC7C0E1FE226F400C53E54 /* UIButton+AFNetworking.m in Sources */ = {isa = PBXBuildFile; fileRef = 9BFC7BF01FE226C500C53E54 /* UIButton+AFNetworking.m */; };
		9BFC7C0F1FE226F600C53E54 /* UIActivityIndicatorView+AFNetworking.m in Sources */ = {isa = PBXBuildFile; fileRef = 9BFC7BF11FE226C500C53E54 /* UIActivityIndicatorView+AFNetworking.m */; };
		9BFC7C101FE226F900C53E54 /* UIWebView+AFNetworking.m in Sources */ = {isa = PBXBuildFile; fileRef = 9BFC7BF21FE226C500C53E54 /* UIWebView+AFNetworking.m */; };
		9BFC7C111FE226FD00C53E54 /* AFAutoPurgingImageCache.m in Sources */ = {isa = PBXBuildFile; fileRef = 9BFC7BF31FE226C500C53E54 /* AFAutoPurgingImageCache.m */; };
		9BFC7C121FE2270200C53E54 /* AFImageDownloader.m in Sources */ = {isa = PBXBuildFile; fileRef = 9BFC7BF51FE226C500C53E54 /* AFImageDownloader.m */; };
		9BFC7C151FE2272100C53E54 /* LeeNetworkHelper.m in Sources */ = {isa = PBXBuildFile; fileRef = 9BFC7C141FE2272100C53E54 /* LeeNetworkHelper.m */; };
		9BFC7C181FE2273A00C53E54 /* LeeNetworkCache.m in Sources */ = {isa = PBXBuildFile; fileRef = 9BFC7C171FE2273A00C53E54 /* LeeNetworkCache.m */; };
/* End PBXBuildFile section */

/* Begin PBXFileReference section */
		9B05220320576F76002879FC /* LeeKeyboardManager.h */ = {isa = PBXFileReference; lastKnownFileType = sourcecode.c.h; path = LeeKeyboardManager.h; sourceTree = "<group>"; };
		9B05220420576F76002879FC /* LeeKeyboardManager.m */ = {isa = PBXFileReference; lastKnownFileType = sourcecode.c.objc; path = LeeKeyboardManager.m; sourceTree = "<group>"; };
		9B0522062057AFFF002879FC /* LeeTips.h */ = {isa = PBXFileReference; lastKnownFileType = sourcecode.c.h; path = LeeTips.h; sourceTree = "<group>"; };
		9B0522072057AFFF002879FC /* LeeTips.m */ = {isa = PBXFileReference; lastKnownFileType = sourcecode.c.objc; path = LeeTips.m; sourceTree = "<group>"; };
		9B05223D2057BEBB002879FC /* LeeToastResource.bundle */ = {isa = PBXFileReference; lastKnownFileType = "wrapper.plug-in"; path = LeeToastResource.bundle; sourceTree = "<group>"; };
		9B05223F2057C549002879FC /* LeeMarqueeLabel.h */ = {isa = PBXFileReference; lastKnownFileType = sourcecode.c.h; path = LeeMarqueeLabel.h; sourceTree = "<group>"; };
		9B0522402057C549002879FC /* LeeMarqueeLabel.m */ = {isa = PBXFileReference; lastKnownFileType = sourcecode.c.objc; path = LeeMarqueeLabel.m; sourceTree = "<group>"; };
		9B0522422058C388002879FC /* LeeButton.h */ = {isa = PBXFileReference; lastKnownFileType = sourcecode.c.h; path = LeeButton.h; sourceTree = "<group>"; };
		9B0522432058C388002879FC /* LeeButton.m */ = {isa = PBXFileReference; lastKnownFileType = sourcecode.c.objc; path = LeeButton.m; sourceTree = "<group>"; };
		9B052246205915C1002879FC /* LeePopupContainerView.h */ = {isa = PBXFileReference; lastKnownFileType = sourcecode.c.h; path = LeePopupContainerView.h; sourceTree = "<group>"; };
		9B052247205915C1002879FC /* LeePopupContainerView.m */ = {isa = PBXFileReference; lastKnownFileType = sourcecode.c.objc; path = LeePopupContainerView.m; sourceTree = "<group>"; };
		9B052249205915DB002879FC /* LeePopupMenuView.h */ = {isa = PBXFileReference; lastKnownFileType = sourcecode.c.h; path = LeePopupMenuView.h; sourceTree = "<group>"; };
		9B05224A205915DB002879FC /* LeePopupMenuView.m */ = {isa = PBXFileReference; lastKnownFileType = sourcecode.c.objc; path = LeePopupMenuView.m; sourceTree = "<group>"; };
		9B07E51C205B964A00EC614C /* LeeAlertViewController.h */ = {isa = PBXFileReference; lastKnownFileType = sourcecode.c.h; path = LeeAlertViewController.h; sourceTree = "<group>"; };
		9B07E51D205B964A00EC614C /* LeeAlertViewController.m */ = {isa = PBXFileReference; lastKnownFileType = sourcecode.c.objc; path = LeeAlertViewController.m; sourceTree = "<group>"; };
		9B1CE511205282140025A143 /* LeeUITextField.h */ = {isa = PBXFileReference; lastKnownFileType = sourcecode.c.h; path = LeeUITextField.h; sourceTree = "<group>"; };
		9B1CE512205282140025A143 /* LeeUITextField.m */ = {isa = PBXFileReference; lastKnownFileType = sourcecode.c.objc; path = LeeUITextField.m; sourceTree = "<group>"; };
		9B1CE528205380AF0025A143 /* LeeGridView.h */ = {isa = PBXFileReference; lastKnownFileType = sourcecode.c.h; path = LeeGridView.h; sourceTree = "<group>"; };
		9B1CE529205380AF0025A143 /* LeeGridView.m */ = {isa = PBXFileReference; lastKnownFileType = sourcecode.c.objc; path = LeeGridView.m; sourceTree = "<group>"; };
		9B1CE52B205620360025A143 /* LeeEmptyView.h */ = {isa = PBXFileReference; lastKnownFileType = sourcecode.c.h; path = LeeEmptyView.h; sourceTree = "<group>"; };
		9B1CE52C205620360025A143 /* LeeEmptyView.m */ = {isa = PBXFileReference; lastKnownFileType = sourcecode.c.objc; path = LeeEmptyView.m; sourceTree = "<group>"; };
		9B1CE52F205669950025A143 /* LeeToastAnimator.h */ = {isa = PBXFileReference; lastKnownFileType = sourcecode.c.h; path = LeeToastAnimator.h; sourceTree = "<group>"; };
		9B1CE530205669950025A143 /* LeeToastAnimator.m */ = {isa = PBXFileReference; lastKnownFileType = sourcecode.c.objc; path = LeeToastAnimator.m; sourceTree = "<group>"; };
		9B1CE532205669B90025A143 /* LeeToastBackgroundView.h */ = {isa = PBXFileReference; lastKnownFileType = sourcecode.c.h; path = LeeToastBackgroundView.h; sourceTree = "<group>"; };
		9B1CE533205669B90025A143 /* LeeToastBackgroundView.m */ = {isa = PBXFileReference; lastKnownFileType = sourcecode.c.objc; path = LeeToastBackgroundView.m; sourceTree = "<group>"; };
		9B1CE535205669D20025A143 /* LeeToastContentView.h */ = {isa = PBXFileReference; lastKnownFileType = sourcecode.c.h; path = LeeToastContentView.h; sourceTree = "<group>"; };
		9B1CE536205669D20025A143 /* LeeToastContentView.m */ = {isa = PBXFileReference; lastKnownFileType = sourcecode.c.objc; path = LeeToastContentView.m; sourceTree = "<group>"; };
		9B1CE538205669F20025A143 /* LeeToastView.h */ = {isa = PBXFileReference; lastKnownFileType = sourcecode.c.h; path = LeeToastView.h; sourceTree = "<group>"; };
		9B1CE539205669F20025A143 /* LeeToastView.m */ = {isa = PBXFileReference; lastKnownFileType = sourcecode.c.objc; path = LeeToastView.m; sourceTree = "<group>"; };
		9B39B8D3201C5620009156BC /* ModalView.h */ = {isa = PBXFileReference; lastKnownFileType = sourcecode.c.h; path = ModalView.h; sourceTree = "<group>"; };
		9B39B8D4201C5620009156BC /* ModalView.m */ = {isa = PBXFileReference; lastKnownFileType = sourcecode.c.objc; path = ModalView.m; sourceTree = "<group>"; };
		9B39B8D620200057009156BC /* ModalContentProtocol.h */ = {isa = PBXFileReference; lastKnownFileType = sourcecode.c.h; path = ModalContentProtocol.h; sourceTree = "<group>"; };
		9B39B8D720201CA7009156BC /* RedView.h */ = {isa = PBXFileReference; lastKnownFileType = sourcecode.c.h; path = RedView.h; sourceTree = "<group>"; };
		9B39B8D820201CA7009156BC /* RedView.m */ = {isa = PBXFileReference; lastKnownFileType = sourcecode.c.objc; path = RedView.m; sourceTree = "<group>"; };
		9B4B6F661FFC92010032C025 /* Lee_SQLBuilder.h */ = {isa = PBXFileReference; lastKnownFileType = sourcecode.c.h; path = Lee_SQLBuilder.h; sourceTree = "<group>"; };
		9B4B6F671FFC92010032C025 /* Lee_SQLBuilder.m */ = {isa = PBXFileReference; lastKnownFileType = sourcecode.c.objc; path = Lee_SQLBuilder.m; sourceTree = "<group>"; };
		9B4B6F691FFC9BED0032C025 /* Lee_SQLSelectBuilder.h */ = {isa = PBXFileReference; lastKnownFileType = sourcecode.c.h; path = Lee_SQLSelectBuilder.h; sourceTree = "<group>"; };
		9B4B6F6A1FFC9BED0032C025 /* Lee_SQLSelectBuilder.m */ = {isa = PBXFileReference; lastKnownFileType = sourcecode.c.objc; path = Lee_SQLSelectBuilder.m; sourceTree = "<group>"; };
		9B4B6F6C1FFCB0360032C025 /* Lee_SQLInsertBuilder.h */ = {isa = PBXFileReference; lastKnownFileType = sourcecode.c.h; path = Lee_SQLInsertBuilder.h; sourceTree = "<group>"; };
		9B4B6F6D1FFCB0360032C025 /* Lee_SQLInsertBuilder.m */ = {isa = PBXFileReference; lastKnownFileType = sourcecode.c.objc; path = Lee_SQLInsertBuilder.m; sourceTree = "<group>"; };
		9B60CDAF205E51B000205988 /* LeeVisualEffectView.h */ = {isa = PBXFileReference; lastKnownFileType = sourcecode.c.h; path = LeeVisualEffectView.h; sourceTree = "<group>"; };
		9B60CDB0205E51B000205988 /* LeeVisualEffectView.m */ = {isa = PBXFileReference; lastKnownFileType = sourcecode.c.objc; path = LeeVisualEffectView.m; sourceTree = "<group>"; };
		9B60CDB2205E53B700205988 /* UIImageEffects.m */ = {isa = PBXFileReference; fileEncoding = 4; lastKnownFileType = sourcecode.c.objc; path = UIImageEffects.m; sourceTree = "<group>"; };
		9B60CDB3205E53B700205988 /* UIImageEffects.h */ = {isa = PBXFileReference; fileEncoding = 4; lastKnownFileType = sourcecode.c.h; path = UIImageEffects.h; sourceTree = "<group>"; };
		9B60CDB5205E548400205988 /* LeeFloatLayout.h */ = {isa = PBXFileReference; lastKnownFileType = sourcecode.c.h; path = LeeFloatLayout.h; sourceTree = "<group>"; };
		9B60CDB6205E548400205988 /* LeeFloatLayout.m */ = {isa = PBXFileReference; lastKnownFileType = sourcecode.c.objc; path = LeeFloatLayout.m; sourceTree = "<group>"; };
		9B7B03EF20159704001CDAEB /* InfiniteBanner.h */ = {isa = PBXFileReference; lastKnownFileType = sourcecode.c.h; path = InfiniteBanner.h; sourceTree = "<group>"; };
		9B7B03F020159704001CDAEB /* InfiniteBanner.m */ = {isa = PBXFileReference; lastKnownFileType = sourcecode.c.objc; path = InfiniteBanner.m; sourceTree = "<group>"; };
		9B7B03F22015986E001CDAEB /* InfiniteConfiguration.h */ = {isa = PBXFileReference; lastKnownFileType = sourcecode.c.h; path = InfiniteConfiguration.h; sourceTree = "<group>"; };
		9B7B03F32015986E001CDAEB /* InfiniteConfiguration.m */ = {isa = PBXFileReference; lastKnownFileType = sourcecode.c.objc; path = InfiniteConfiguration.m; sourceTree = "<group>"; };
		9B9A7C882044FF12000EAC50 /* ImageClipedManager.h */ = {isa = PBXFileReference; lastKnownFileType = sourcecode.c.h; path = ImageClipedManager.h; sourceTree = "<group>"; };
		9B9A7C892044FF12000EAC50 /* ImageClipedManager.m */ = {isa = PBXFileReference; lastKnownFileType = sourcecode.c.objc; path = ImageClipedManager.m; sourceTree = "<group>"; };
		9B9A7C8B20454F5A000EAC50 /* UIButton+imageCliped.h */ = {isa = PBXFileReference; lastKnownFileType = sourcecode.c.h; path = "UIButton+imageCliped.h"; sourceTree = "<group>"; };
		9B9A7C8C20454F5A000EAC50 /* UIButton+imageCliped.m */ = {isa = PBXFileReference; lastKnownFileType = sourcecode.c.objc; path = "UIButton+imageCliped.m"; sourceTree = "<group>"; };
		9B9A7C8F20455C71000EAC50 /* TagView.h */ = {isa = PBXFileReference; lastKnownFileType = sourcecode.c.h; path = TagView.h; sourceTree = "<group>"; };
		9B9A7C9020455C71000EAC50 /* TagView.m */ = {isa = PBXFileReference; lastKnownFileType = sourcecode.c.objc; path = TagView.m; sourceTree = "<group>"; };
		9B9D93DC204D000800FBB054 /* UINavigationBar+Transition.h */ = {isa = PBXFileReference; lastKnownFileType = sourcecode.c.h; path = "UINavigationBar+Transition.h"; sourceTree = "<group>"; };
		9B9D93DD204D000800FBB054 /* UINavigationBar+Transition.m */ = {isa = PBXFileReference; lastKnownFileType = sourcecode.c.objc; path = "UINavigationBar+Transition.m"; sourceTree = "<group>"; };
		9B9D93DF204D31FC00FBB054 /* UINavigationController+NavigationBarTransition.h */ = {isa = PBXFileReference; lastKnownFileType = sourcecode.c.h; path = "UINavigationController+NavigationBarTransition.h"; sourceTree = "<group>"; };
		9B9D93E0204D31FC00FBB054 /* UINavigationController+NavigationBarTransition.m */ = {isa = PBXFileReference; lastKnownFileType = sourcecode.c.objc; path = "UINavigationController+NavigationBarTransition.m"; sourceTree = "<group>"; };
		9B9D93E2204D434B00FBB054 /* LeeNavigationControllerDelegate.h */ = {isa = PBXFileReference; lastKnownFileType = sourcecode.c.h; path = LeeNavigationControllerDelegate.h; sourceTree = "<group>"; };
		9B9D93E3204D47A200FBB054 /* LeeNavigationController.h */ = {isa = PBXFileReference; lastKnownFileType = sourcecode.c.h; path = LeeNavigationController.h; sourceTree = "<group>"; };
		9B9D93E4204D47A200FBB054 /* LeeNavigationController.m */ = {isa = PBXFileReference; lastKnownFileType = sourcecode.c.objc; path = LeeNavigationController.m; sourceTree = "<group>"; };
		9B9D93EA204E3A4000FBB054 /* CALayer+Lee.h */ = {isa = PBXFileReference; lastKnownFileType = sourcecode.c.h; path = "CALayer+Lee.h"; sourceTree = "<group>"; };
		9B9D93EB204E3A4000FBB054 /* CALayer+Lee.m */ = {isa = PBXFileReference; lastKnownFileType = sourcecode.c.objc; path = "CALayer+Lee.m"; sourceTree = "<group>"; };
		9B9D93EE204E416E00FBB054 /* NSAttributedString+Lee.h */ = {isa = PBXFileReference; lastKnownFileType = sourcecode.c.h; path = "NSAttributedString+Lee.h"; sourceTree = "<group>"; };
		9B9D93EF204E416E00FBB054 /* NSAttributedString+Lee.m */ = {isa = PBXFileReference; lastKnownFileType = sourcecode.c.objc; path = "NSAttributedString+Lee.m"; sourceTree = "<group>"; };
		9B9D93F1204E468800FBB054 /* NSString+Lee.h */ = {isa = PBXFileReference; lastKnownFileType = sourcecode.c.h; path = "NSString+Lee.h"; sourceTree = "<group>"; };
		9B9D93F2204E468800FBB054 /* NSString+Lee.m */ = {isa = PBXFileReference; lastKnownFileType = sourcecode.c.objc; path = "NSString+Lee.m"; sourceTree = "<group>"; };
		9B9D93F4204E484C00FBB054 /* UIActivityIndicatorView+Lee.h */ = {isa = PBXFileReference; lastKnownFileType = sourcecode.c.h; path = "UIActivityIndicatorView+Lee.h"; sourceTree = "<group>"; };
		9B9D93F5204E484C00FBB054 /* UIActivityIndicatorView+Lee.m */ = {isa = PBXFileReference; lastKnownFileType = sourcecode.c.objc; path = "UIActivityIndicatorView+Lee.m"; sourceTree = "<group>"; };
		9B9D93F7204E48E500FBB054 /* UIBezierPath+Lee.h */ = {isa = PBXFileReference; lastKnownFileType = sourcecode.c.h; path = "UIBezierPath+Lee.h"; sourceTree = "<group>"; };
		9B9D93F8204E48E500FBB054 /* UIBezierPath+Lee.m */ = {isa = PBXFileReference; lastKnownFileType = sourcecode.c.objc; path = "UIBezierPath+Lee.m"; sourceTree = "<group>"; };
		9B9D93FA204E4F2600FBB054 /* UIButton+Lee.h */ = {isa = PBXFileReference; lastKnownFileType = sourcecode.c.h; path = "UIButton+Lee.h"; sourceTree = "<group>"; };
		9B9D93FB204E4F2600FBB054 /* UIButton+Lee.m */ = {isa = PBXFileReference; lastKnownFileType = sourcecode.c.objc; path = "UIButton+Lee.m"; sourceTree = "<group>"; };
		9B9D93FD204E599800FBB054 /* UIColor+Lee.h */ = {isa = PBXFileReference; lastKnownFileType = sourcecode.c.h; path = "UIColor+Lee.h"; sourceTree = "<group>"; };
		9B9D93FE204E599800FBB054 /* UIColor+Lee.m */ = {isa = PBXFileReference; lastKnownFileType = sourcecode.c.objc; path = "UIColor+Lee.m"; sourceTree = "<group>"; };
		9B9D9400204E608A00FBB054 /* UIControl+Lee.h */ = {isa = PBXFileReference; lastKnownFileType = sourcecode.c.h; path = "UIControl+Lee.h"; sourceTree = "<group>"; };
		9B9D9401204E608A00FBB054 /* UIControl+Lee.m */ = {isa = PBXFileReference; lastKnownFileType = sourcecode.c.objc; path = "UIControl+Lee.m"; sourceTree = "<group>"; };
		9B9D9403204E745A00FBB054 /* UIImage+Lee.h */ = {isa = PBXFileReference; lastKnownFileType = sourcecode.c.h; path = "UIImage+Lee.h"; sourceTree = "<group>"; };
		9B9D9404204E745A00FBB054 /* UIImage+Lee.m */ = {isa = PBXFileReference; lastKnownFileType = sourcecode.c.objc; path = "UIImage+Lee.m"; sourceTree = "<group>"; };
		9B9D9408204FC9E900FBB054 /* UIImageView+Lee.h */ = {isa = PBXFileReference; lastKnownFileType = sourcecode.c.h; path = "UIImageView+Lee.h"; sourceTree = "<group>"; };
		9B9D9409204FC9E900FBB054 /* UIImageView+Lee.m */ = {isa = PBXFileReference; lastKnownFileType = sourcecode.c.objc; path = "UIImageView+Lee.m"; sourceTree = "<group>"; };
		9B9D940B204FCDEB00FBB054 /* UILabel+Lee.h */ = {isa = PBXFileReference; lastKnownFileType = sourcecode.c.h; path = "UILabel+Lee.h"; sourceTree = "<group>"; };
		9B9D940C204FCDEB00FBB054 /* UILabel+Lee.m */ = {isa = PBXFileReference; lastKnownFileType = sourcecode.c.objc; path = "UILabel+Lee.m"; sourceTree = "<group>"; };
		9B9D940E204FD58B00FBB054 /* UIScrollView+Lee.h */ = {isa = PBXFileReference; lastKnownFileType = sourcecode.c.h; path = "UIScrollView+Lee.h"; sourceTree = "<group>"; };
		9B9D940F204FD58B00FBB054 /* UIScrollView+Lee.m */ = {isa = PBXFileReference; lastKnownFileType = sourcecode.c.objc; path = "UIScrollView+Lee.m"; sourceTree = "<group>"; };
		9B9D9411204FD95500FBB054 /* UITabBar+Lee.h */ = {isa = PBXFileReference; lastKnownFileType = sourcecode.c.h; path = "UITabBar+Lee.h"; sourceTree = "<group>"; };
		9B9D9412204FD95500FBB054 /* UITabBar+Lee.m */ = {isa = PBXFileReference; lastKnownFileType = sourcecode.c.objc; path = "UITabBar+Lee.m"; sourceTree = "<group>"; };
		9B9D9414204FDB6900FBB054 /* UITabBarItem+Lee.h */ = {isa = PBXFileReference; lastKnownFileType = sourcecode.c.h; path = "UITabBarItem+Lee.h"; sourceTree = "<group>"; };
		9B9D9415204FDB6900FBB054 /* UITabBarItem+Lee.m */ = {isa = PBXFileReference; lastKnownFileType = sourcecode.c.objc; path = "UITabBarItem+Lee.m"; sourceTree = "<group>"; };
		9B9D9417204FE70900FBB054 /* UITextField+Lee.h */ = {isa = PBXFileReference; lastKnownFileType = sourcecode.c.h; path = "UITextField+Lee.h"; sourceTree = "<group>"; };
		9B9D9418204FE70900FBB054 /* UITextField+Lee.m */ = {isa = PBXFileReference; lastKnownFileType = sourcecode.c.objc; path = "UITextField+Lee.m"; sourceTree = "<group>"; };
		9B9D941A204FE81F00FBB054 /* UITextView+Lee.h */ = {isa = PBXFileReference; lastKnownFileType = sourcecode.c.h; path = "UITextView+Lee.h"; sourceTree = "<group>"; };
		9B9D941B204FE81F00FBB054 /* UITextView+Lee.m */ = {isa = PBXFileReference; lastKnownFileType = sourcecode.c.objc; path = "UITextView+Lee.m"; sourceTree = "<group>"; };
		9B9D941E205102C800FBB054 /* UIView+Lee.h */ = {isa = PBXFileReference; lastKnownFileType = sourcecode.c.h; path = "UIView+Lee.h"; sourceTree = "<group>"; };
		9B9D941F205102C800FBB054 /* UIView+Lee.m */ = {isa = PBXFileReference; lastKnownFileType = sourcecode.c.objc; path = "UIView+Lee.m"; sourceTree = "<group>"; };
		9B9D9421205114C200FBB054 /* UIViewController+Lee.h */ = {isa = PBXFileReference; lastKnownFileType = sourcecode.c.h; path = "UIViewController+Lee.h"; sourceTree = "<group>"; };
		9B9D9422205114C200FBB054 /* UIViewController+Lee.m */ = {isa = PBXFileReference; lastKnownFileType = sourcecode.c.objc; path = "UIViewController+Lee.m"; sourceTree = "<group>"; };
		9B9D9425205128AD00FBB054 /* LeeCollectionViewPageLayout.h */ = {isa = PBXFileReference; lastKnownFileType = sourcecode.c.h; path = LeeCollectionViewPageLayout.h; sourceTree = "<group>"; };
		9B9D9426205128AD00FBB054 /* LeeCollectionViewPageLayout.m */ = {isa = PBXFileReference; lastKnownFileType = sourcecode.c.objc; path = LeeCollectionViewPageLayout.m; sourceTree = "<group>"; };
		9B9D942C2052714B00FBB054 /* LeeUILabel.h */ = {isa = PBXFileReference; lastKnownFileType = sourcecode.c.h; path = LeeUILabel.h; sourceTree = "<group>"; };
		9B9D942D2052714B00FBB054 /* LeeUILabel.m */ = {isa = PBXFileReference; lastKnownFileType = sourcecode.c.objc; path = LeeUILabel.m; sourceTree = "<group>"; };
		9BA8CCB5205A6E8B00968DC3 /* LeeModalPresentationViewController.h */ = {isa = PBXFileReference; lastKnownFileType = sourcecode.c.h; path = LeeModalPresentationViewController.h; sourceTree = "<group>"; };
		9BA8CCB6205A6E8B00968DC3 /* LeeModalPresentationViewController.m */ = {isa = PBXFileReference; lastKnownFileType = sourcecode.c.objc; path = LeeModalPresentationViewController.m; sourceTree = "<group>"; };
		9BB4672B203C438500F39BBC /* TagConfig.h */ = {isa = PBXFileReference; lastKnownFileType = sourcecode.c.h; path = TagConfig.h; sourceTree = "<group>"; };
		9BB4672C203C438500F39BBC /* TagConfig.m */ = {isa = PBXFileReference; lastKnownFileType = sourcecode.c.objc; path = TagConfig.m; sourceTree = "<group>"; };
		9BB4672F203C56F600F39BBC /* UIImage+corner.h */ = {isa = PBXFileReference; lastKnownFileType = sourcecode.c.h; path = "UIImage+corner.h"; sourceTree = "<group>"; };
		9BB46730203C56F600F39BBC /* UIImage+corner.m */ = {isa = PBXFileReference; lastKnownFileType = sourcecode.c.objc; path = "UIImage+corner.m"; sourceTree = "<group>"; };
		9BB467322043BE3300F39BBC /* UIView+corner.h */ = {isa = PBXFileReference; lastKnownFileType = sourcecode.c.h; path = "UIView+corner.h"; sourceTree = "<group>"; };
		9BB467332043BE3300F39BBC /* UIView+corner.m */ = {isa = PBXFileReference; lastKnownFileType = sourcecode.c.objc; path = "UIView+corner.m"; sourceTree = "<group>"; };
		9BEEC3991FE35DA30016D5DD /* LeeCustomNavigationBar.h */ = {isa = PBXFileReference; lastKnownFileType = sourcecode.c.h; path = LeeCustomNavigationBar.h; sourceTree = "<group>"; };
		9BEEC39A1FE35DA30016D5DD /* LeeCustomNavigationBar.m */ = {isa = PBXFileReference; lastKnownFileType = sourcecode.c.objc; path = LeeCustomNavigationBar.m; sourceTree = "<group>"; };
		9BFC7BB61FE2265300C53E54 /* LeeKit.app */ = {isa = PBXFileReference; explicitFileType = wrapper.application; includeInIndex = 0; path = LeeKit.app; sourceTree = BUILT_PRODUCTS_DIR; };
		9BFC7BB91FE2265300C53E54 /* AppDelegate.h */ = {isa = PBXFileReference; lastKnownFileType = sourcecode.c.h; path = AppDelegate.h; sourceTree = "<group>"; };
		9BFC7BBA1FE2265300C53E54 /* AppDelegate.m */ = {isa = PBXFileReference; lastKnownFileType = sourcecode.c.objc; path = AppDelegate.m; sourceTree = "<group>"; };
		9BFC7BBC1FE2265300C53E54 /* ViewController.h */ = {isa = PBXFileReference; lastKnownFileType = sourcecode.c.h; path = ViewController.h; sourceTree = "<group>"; };
		9BFC7BBD1FE2265300C53E54 /* ViewController.m */ = {isa = PBXFileReference; lastKnownFileType = sourcecode.c.objc; path = ViewController.m; sourceTree = "<group>"; };
		9BFC7BC01FE2265300C53E54 /* Base */ = {isa = PBXFileReference; lastKnownFileType = file.storyboard; name = Base; path = Base.lproj/Main.storyboard; sourceTree = "<group>"; };
		9BFC7BC21FE2265300C53E54 /* Assets.xcassets */ = {isa = PBXFileReference; lastKnownFileType = folder.assetcatalog; path = Assets.xcassets; sourceTree = "<group>"; };
		9BFC7BC51FE2265300C53E54 /* Base */ = {isa = PBXFileReference; lastKnownFileType = file.storyboard; name = Base; path = Base.lproj/LaunchScreen.storyboard; sourceTree = "<group>"; };
		9BFC7BC71FE2265300C53E54 /* Info.plist */ = {isa = PBXFileReference; lastKnownFileType = text.plist.xml; path = Info.plist; sourceTree = "<group>"; };
		9BFC7BC81FE2265300C53E54 /* main.m */ = {isa = PBXFileReference; lastKnownFileType = sourcecode.c.objc; path = main.m; sourceTree = "<group>"; };
		9BFC7BD21FE2269B00C53E54 /* YYDiskCache.m */ = {isa = PBXFileReference; lastKnownFileType = sourcecode.c.objc; path = YYDiskCache.m; sourceTree = "<group>"; };
		9BFC7BD31FE2269B00C53E54 /* YYKVStorage.h */ = {isa = PBXFileReference; lastKnownFileType = sourcecode.c.h; path = YYKVStorage.h; sourceTree = "<group>"; };
		9BFC7BD41FE2269B00C53E54 /* YYCache.m */ = {isa = PBXFileReference; lastKnownFileType = sourcecode.c.objc; path = YYCache.m; sourceTree = "<group>"; };
		9BFC7BD51FE2269B00C53E54 /* YYMemoryCache.h */ = {isa = PBXFileReference; lastKnownFileType = sourcecode.c.h; path = YYMemoryCache.h; sourceTree = "<group>"; };
		9BFC7BD61FE2269B00C53E54 /* YYDiskCache.h */ = {isa = PBXFileReference; lastKnownFileType = sourcecode.c.h; path = YYDiskCache.h; sourceTree = "<group>"; };
		9BFC7BD71FE2269B00C53E54 /* YYCache.h */ = {isa = PBXFileReference; lastKnownFileType = sourcecode.c.h; path = YYCache.h; sourceTree = "<group>"; };
		9BFC7BD81FE2269B00C53E54 /* YYKVStorage.m */ = {isa = PBXFileReference; lastKnownFileType = sourcecode.c.objc; path = YYKVStorage.m; sourceTree = "<group>"; };
		9BFC7BD91FE2269B00C53E54 /* YYMemoryCache.m */ = {isa = PBXFileReference; lastKnownFileType = sourcecode.c.objc; path = YYMemoryCache.m; sourceTree = "<group>"; };
		9BFC7BDF1FE226C500C53E54 /* LICENSE */ = {isa = PBXFileReference; lastKnownFileType = text; path = LICENSE; sourceTree = "<group>"; };
		9BFC7BE01FE226C500C53E54 /* README.md */ = {isa = PBXFileReference; lastKnownFileType = net.daringfireball.markdown; path = README.md; sourceTree = "<group>"; };
		9BFC7BE21FE226C500C53E54 /* UIProgressView+AFNetworking.m */ = {isa = PBXFileReference; lastKnownFileType = sourcecode.c.objc; path = "UIProgressView+AFNetworking.m"; sourceTree = "<group>"; };
		9BFC7BE31FE226C500C53E54 /* UIButton+AFNetworking.h */ = {isa = PBXFileReference; lastKnownFileType = sourcecode.c.h; path = "UIButton+AFNetworking.h"; sourceTree = "<group>"; };
		9BFC7BE41FE226C500C53E54 /* UIRefreshControl+AFNetworking.m */ = {isa = PBXFileReference; lastKnownFileType = sourcecode.c.objc; path = "UIRefreshControl+AFNetworking.m"; sourceTree = "<group>"; };
		9BFC7BE51FE226C500C53E54 /* UIImageView+AFNetworking.h */ = {isa = PBXFileReference; lastKnownFileType = sourcecode.c.h; path = "UIImageView+AFNetworking.h"; sourceTree = "<group>"; };
		9BFC7BE61FE226C500C53E54 /* AFImageDownloader.h */ = {isa = PBXFileReference; lastKnownFileType = sourcecode.c.h; path = AFImageDownloader.h; sourceTree = "<group>"; };
		9BFC7BE71FE226C500C53E54 /* AFNetworkActivityIndicatorManager.m */ = {isa = PBXFileReference; lastKnownFileType = sourcecode.c.objc; path = AFNetworkActivityIndicatorManager.m; sourceTree = "<group>"; };
		9BFC7BE81FE226C500C53E54 /* AFAutoPurgingImageCache.h */ = {isa = PBXFileReference; lastKnownFileType = sourcecode.c.h; path = AFAutoPurgingImageCache.h; sourceTree = "<group>"; };
		9BFC7BE91FE226C500C53E54 /* UIWebView+AFNetworking.h */ = {isa = PBXFileReference; lastKnownFileType = sourcecode.c.h; path = "UIWebView+AFNetworking.h"; sourceTree = "<group>"; };
		9BFC7BEA1FE226C500C53E54 /* UIActivityIndicatorView+AFNetworking.h */ = {isa = PBXFileReference; lastKnownFileType = sourcecode.c.h; path = "UIActivityIndicatorView+AFNetworking.h"; sourceTree = "<group>"; };
		9BFC7BEB1FE226C500C53E54 /* UIImage+AFNetworking.h */ = {isa = PBXFileReference; lastKnownFileType = sourcecode.c.h; path = "UIImage+AFNetworking.h"; sourceTree = "<group>"; };
		9BFC7BEC1FE226C500C53E54 /* UIProgressView+AFNetworking.h */ = {isa = PBXFileReference; lastKnownFileType = sourcecode.c.h; path = "UIProgressView+AFNetworking.h"; sourceTree = "<group>"; };
		9BFC7BED1FE226C500C53E54 /* UIImageView+AFNetworking.m */ = {isa = PBXFileReference; lastKnownFileType = sourcecode.c.objc; path = "UIImageView+AFNetworking.m"; sourceTree = "<group>"; };
		9BFC7BEE1FE226C500C53E54 /* UIKit+AFNetworking.h */ = {isa = PBXFileReference; lastKnownFileType = sourcecode.c.h; path = "UIKit+AFNetworking.h"; sourceTree = "<group>"; };
		9BFC7BEF1FE226C500C53E54 /* UIRefreshControl+AFNetworking.h */ = {isa = PBXFileReference; lastKnownFileType = sourcecode.c.h; path = "UIRefreshControl+AFNetworking.h"; sourceTree = "<group>"; };
		9BFC7BF01FE226C500C53E54 /* UIButton+AFNetworking.m */ = {isa = PBXFileReference; lastKnownFileType = sourcecode.c.objc; path = "UIButton+AFNetworking.m"; sourceTree = "<group>"; };
		9BFC7BF11FE226C500C53E54 /* UIActivityIndicatorView+AFNetworking.m */ = {isa = PBXFileReference; lastKnownFileType = sourcecode.c.objc; path = "UIActivityIndicatorView+AFNetworking.m"; sourceTree = "<group>"; };
		9BFC7BF21FE226C500C53E54 /* UIWebView+AFNetworking.m */ = {isa = PBXFileReference; lastKnownFileType = sourcecode.c.objc; path = "UIWebView+AFNetworking.m"; sourceTree = "<group>"; };
		9BFC7BF31FE226C500C53E54 /* AFAutoPurgingImageCache.m */ = {isa = PBXFileReference; lastKnownFileType = sourcecode.c.objc; path = AFAutoPurgingImageCache.m; sourceTree = "<group>"; };
		9BFC7BF41FE226C500C53E54 /* AFNetworkActivityIndicatorManager.h */ = {isa = PBXFileReference; lastKnownFileType = sourcecode.c.h; path = AFNetworkActivityIndicatorManager.h; sourceTree = "<group>"; };
		9BFC7BF51FE226C500C53E54 /* AFImageDownloader.m */ = {isa = PBXFileReference; lastKnownFileType = sourcecode.c.objc; path = AFImageDownloader.m; sourceTree = "<group>"; };
		9BFC7BF71FE226C500C53E54 /* AFSecurityPolicy.h */ = {isa = PBXFileReference; lastKnownFileType = sourcecode.c.h; path = AFSecurityPolicy.h; sourceTree = "<group>"; };
		9BFC7BF81FE226C500C53E54 /* AFNetworkReachabilityManager.h */ = {isa = PBXFileReference; lastKnownFileType = sourcecode.c.h; path = AFNetworkReachabilityManager.h; sourceTree = "<group>"; };
		9BFC7BF91FE226C500C53E54 /* AFURLSessionManager.h */ = {isa = PBXFileReference; lastKnownFileType = sourcecode.c.h; path = AFURLSessionManager.h; sourceTree = "<group>"; };
		9BFC7BFA1FE226C500C53E54 /* AFURLRequestSerialization.h */ = {isa = PBXFileReference; lastKnownFileType = sourcecode.c.h; path = AFURLRequestSerialization.h; sourceTree = "<group>"; };
		9BFC7BFB1FE226C500C53E54 /* AFURLResponseSerialization.m */ = {isa = PBXFileReference; lastKnownFileType = sourcecode.c.objc; path = AFURLResponseSerialization.m; sourceTree = "<group>"; };
		9BFC7BFC1FE226C500C53E54 /* AFHTTPSessionManager.m */ = {isa = PBXFileReference; lastKnownFileType = sourcecode.c.objc; path = AFHTTPSessionManager.m; sourceTree = "<group>"; };
		9BFC7BFD1FE226C500C53E54 /* AFURLResponseSerialization.h */ = {isa = PBXFileReference; lastKnownFileType = sourcecode.c.h; path = AFURLResponseSerialization.h; sourceTree = "<group>"; };
		9BFC7BFE1FE226C500C53E54 /* AFURLSessionManager.m */ = {isa = PBXFileReference; lastKnownFileType = sourcecode.c.objc; path = AFURLSessionManager.m; sourceTree = "<group>"; };
		9BFC7BFF1FE226C500C53E54 /* AFURLRequestSerialization.m */ = {isa = PBXFileReference; lastKnownFileType = sourcecode.c.objc; path = AFURLRequestSerialization.m; sourceTree = "<group>"; };
		9BFC7C001FE226C500C53E54 /* AFNetworking.h */ = {isa = PBXFileReference; lastKnownFileType = sourcecode.c.h; path = AFNetworking.h; sourceTree = "<group>"; };
		9BFC7C011FE226C500C53E54 /* AFNetworkReachabilityManager.m */ = {isa = PBXFileReference; lastKnownFileType = sourcecode.c.objc; path = AFNetworkReachabilityManager.m; sourceTree = "<group>"; };
		9BFC7C021FE226C500C53E54 /* AFSecurityPolicy.m */ = {isa = PBXFileReference; lastKnownFileType = sourcecode.c.objc; path = AFSecurityPolicy.m; sourceTree = "<group>"; };
		9BFC7C031FE226C500C53E54 /* AFHTTPSessionManager.h */ = {isa = PBXFileReference; lastKnownFileType = sourcecode.c.h; path = AFHTTPSessionManager.h; sourceTree = "<group>"; };
		9BFC7C131FE2272100C53E54 /* LeeNetworkHelper.h */ = {isa = PBXFileReference; lastKnownFileType = sourcecode.c.h; path = LeeNetworkHelper.h; sourceTree = "<group>"; };
		9BFC7C141FE2272100C53E54 /* LeeNetworkHelper.m */ = {isa = PBXFileReference; lastKnownFileType = sourcecode.c.objc; path = LeeNetworkHelper.m; sourceTree = "<group>"; };
		9BFC7C161FE2273A00C53E54 /* LeeNetworkCache.h */ = {isa = PBXFileReference; lastKnownFileType = sourcecode.c.h; path = LeeNetworkCache.h; sourceTree = "<group>"; };
		9BFC7C171FE2273A00C53E54 /* LeeNetworkCache.m */ = {isa = PBXFileReference; lastKnownFileType = sourcecode.c.objc; path = LeeNetworkCache.m; sourceTree = "<group>"; };
/* End PBXFileReference section */

/* Begin PBXFrameworksBuildPhase section */
		9BFC7BB31FE2265300C53E54 /* Frameworks */ = {
			isa = PBXFrameworksBuildPhase;
			buildActionMask = 2147483647;
			files = (
			);
			runOnlyForDeploymentPostprocessing = 0;
		};
/* End PBXFrameworksBuildPhase section */

/* Begin PBXGroup section */
		9B0522452059154A002879FC /* LeePopupView */ = {
			isa = PBXGroup;
			children = (
				9B052246205915C1002879FC /* LeePopupContainerView.h */,
				9B052247205915C1002879FC /* LeePopupContainerView.m */,
				9B052249205915DB002879FC /* LeePopupMenuView.h */,
				9B05224A205915DB002879FC /* LeePopupMenuView.m */,
			);
			path = LeePopupView;
			sourceTree = "<group>";
		};
		9B07E51B205B95B800EC614C /* LeeAlert */ = {
			isa = PBXGroup;
			children = (
				9B07E51C205B964A00EC614C /* LeeAlertViewController.h */,
				9B07E51D205B964A00EC614C /* LeeAlertViewController.m */,
			);
			path = LeeAlert;
			sourceTree = "<group>";
		};
		9B1CE52E205669590025A143 /* LeeToastView */ = {
			isa = PBXGroup;
			children = (
				9B05223D2057BEBB002879FC /* LeeToastResource.bundle */,
				9B0522062057AFFF002879FC /* LeeTips.h */,
				9B0522072057AFFF002879FC /* LeeTips.m */,
				9B1CE52F205669950025A143 /* LeeToastAnimator.h */,
				9B1CE530205669950025A143 /* LeeToastAnimator.m */,
				9B1CE532205669B90025A143 /* LeeToastBackgroundView.h */,
				9B1CE533205669B90025A143 /* LeeToastBackgroundView.m */,
				9B1CE535205669D20025A143 /* LeeToastContentView.h */,
				9B1CE536205669D20025A143 /* LeeToastContentView.m */,
				9B1CE538205669F20025A143 /* LeeToastView.h */,
				9B1CE539205669F20025A143 /* LeeToastView.m */,
			);
			path = LeeToastView;
			sourceTree = "<group>";
		};
		9B39B8D2201C55D0009156BC /* ModalView */ = {
			isa = PBXGroup;
			children = (
				9B39B8D620200057009156BC /* ModalContentProtocol.h */,
				9B39B8D3201C5620009156BC /* ModalView.h */,
				9B39B8D4201C5620009156BC /* ModalView.m */,
			);
			path = ModalView;
			sourceTree = "<group>";
		};
		9B4B6F631FFC83D60032C025 /* ORMDB */ = {
			isa = PBXGroup;
			children = (
				9B4B6F641FFC91D00032C025 /* SQL */,
			);
			path = ORMDB;
			sourceTree = "<group>";
		};
		9B4B6F641FFC91D00032C025 /* SQL */ = {
			isa = PBXGroup;
			children = (
				9B4B6F651FFC91DF0032C025 /* Base */,
				9B4B6F661FFC92010032C025 /* Lee_SQLBuilder.h */,
				9B4B6F671FFC92010032C025 /* Lee_SQLBuilder.m */,
			);
			path = SQL;
			sourceTree = "<group>";
		};
		9B4B6F651FFC91DF0032C025 /* Base */ = {
			isa = PBXGroup;
			children = (
				9B4B6F691FFC9BED0032C025 /* Lee_SQLSelectBuilder.h */,
				9B4B6F6A1FFC9BED0032C025 /* Lee_SQLSelectBuilder.m */,
				9B4B6F6C1FFCB0360032C025 /* Lee_SQLInsertBuilder.h */,
				9B4B6F6D1FFCB0360032C025 /* Lee_SQLInsertBuilder.m */,
			);
			path = Base;
			sourceTree = "<group>";
		};
		9B7B03EE20159695001CDAEB /* BannerScroll */ = {
			isa = PBXGroup;
			children = (
				9B7B03F22015986E001CDAEB /* InfiniteConfiguration.h */,
				9B7B03F32015986E001CDAEB /* InfiniteConfiguration.m */,
				9B7B03EF20159704001CDAEB /* InfiniteBanner.h */,
				9B7B03F020159704001CDAEB /* InfiniteBanner.m */,
			);
			path = BannerScroll;
			sourceTree = "<group>";
		};
		9B9D93E6204E39C300FBB054 /* UIKitCategory */ = {
			isa = PBXGroup;
			children = (
				9B9D93EA204E3A4000FBB054 /* CALayer+Lee.h */,
				9B9D93EB204E3A4000FBB054 /* CALayer+Lee.m */,
				9B9D93F4204E484C00FBB054 /* UIActivityIndicatorView+Lee.h */,
				9B9D93F5204E484C00FBB054 /* UIActivityIndicatorView+Lee.m */,
				9B9D93F7204E48E500FBB054 /* UIBezierPath+Lee.h */,
				9B9D93F8204E48E500FBB054 /* UIBezierPath+Lee.m */,
				9B9D93FA204E4F2600FBB054 /* UIButton+Lee.h */,
				9B9D93FB204E4F2600FBB054 /* UIButton+Lee.m */,
				9B9D93FD204E599800FBB054 /* UIColor+Lee.h */,
				9B9D93FE204E599800FBB054 /* UIColor+Lee.m */,
				9B9D9400204E608A00FBB054 /* UIControl+Lee.h */,
				9B9D9401204E608A00FBB054 /* UIControl+Lee.m */,
				9B9D9403204E745A00FBB054 /* UIImage+Lee.h */,
				9B9D9404204E745A00FBB054 /* UIImage+Lee.m */,
				9B9D9408204FC9E900FBB054 /* UIImageView+Lee.h */,
				9B9D9409204FC9E900FBB054 /* UIImageView+Lee.m */,
				9B9D940B204FCDEB00FBB054 /* UILabel+Lee.h */,
				9B9D940C204FCDEB00FBB054 /* UILabel+Lee.m */,
				9B9D940E204FD58B00FBB054 /* UIScrollView+Lee.h */,
				9B9D940F204FD58B00FBB054 /* UIScrollView+Lee.m */,
				9B9D9411204FD95500FBB054 /* UITabBar+Lee.h */,
				9B9D9412204FD95500FBB054 /* UITabBar+Lee.m */,
				9B9D9414204FDB6900FBB054 /* UITabBarItem+Lee.h */,
				9B9D9415204FDB6900FBB054 /* UITabBarItem+Lee.m */,
				9B9D9417204FE70900FBB054 /* UITextField+Lee.h */,
				9B9D9418204FE70900FBB054 /* UITextField+Lee.m */,
				9B9D941A204FE81F00FBB054 /* UITextView+Lee.h */,
				9B9D941B204FE81F00FBB054 /* UITextView+Lee.m */,
				9B9D941E205102C800FBB054 /* UIView+Lee.h */,
				9B9D941F205102C800FBB054 /* UIView+Lee.m */,
				9B9D9421205114C200FBB054 /* UIViewController+Lee.h */,
				9B9D9422205114C200FBB054 /* UIViewController+Lee.m */,
			);
			path = UIKitCategory;
			sourceTree = "<group>";
		};
		9B9D93ED204E414C00FBB054 /* FoundationCategory */ = {
			isa = PBXGroup;
			children = (
				9B9D93EE204E416E00FBB054 /* NSAttributedString+Lee.h */,
				9B9D93EF204E416E00FBB054 /* NSAttributedString+Lee.m */,
				9B9D93F1204E468800FBB054 /* NSString+Lee.h */,
				9B9D93F2204E468800FBB054 /* NSString+Lee.m */,
			);
			path = FoundationCategory;
			sourceTree = "<group>";
		};
		9B9D94242051285B00FBB054 /* CustomSystemUIKit */ = {
			isa = PBXGroup;
			children = (
				9B60CDB3205E53B700205988 /* UIImageEffects.h */,
				9B60CDB2205E53B700205988 /* UIImageEffects.m */,
				9B9D9425205128AD00FBB054 /* LeeCollectionViewPageLayout.h */,
				9B9D9426205128AD00FBB054 /* LeeCollectionViewPageLayout.m */,
				9B9D942C2052714B00FBB054 /* LeeUILabel.h */,
				9B9D942D2052714B00FBB054 /* LeeUILabel.m */,
				9B1CE511205282140025A143 /* LeeUITextField.h */,
				9B1CE512205282140025A143 /* LeeUITextField.m */,
				9B1CE528205380AF0025A143 /* LeeGridView.h */,
				9B1CE529205380AF0025A143 /* LeeGridView.m */,
				9B1CE52B205620360025A143 /* LeeEmptyView.h */,
				9B1CE52C205620360025A143 /* LeeEmptyView.m */,
				9B05220320576F76002879FC /* LeeKeyboardManager.h */,
				9B05220420576F76002879FC /* LeeKeyboardManager.m */,
				9B05223F2057C549002879FC /* LeeMarqueeLabel.h */,
				9B0522402057C549002879FC /* LeeMarqueeLabel.m */,
				9B0522422058C388002879FC /* LeeButton.h */,
				9B0522432058C388002879FC /* LeeButton.m */,
				9B60CDAF205E51B000205988 /* LeeVisualEffectView.h */,
				9B60CDB0205E51B000205988 /* LeeVisualEffectView.m */,
				9B60CDB5205E548400205988 /* LeeFloatLayout.h */,
				9B60CDB6205E548400205988 /* LeeFloatLayout.m */,
			);
			path = CustomSystemUIKit;
			sourceTree = "<group>";
		};
		9BA8CCB4205A6E0D00968DC3 /* LeeModalPresentation */ = {
			isa = PBXGroup;
			children = (
				9BA8CCB5205A6E8B00968DC3 /* LeeModalPresentationViewController.h */,
				9BA8CCB6205A6E8B00968DC3 /* LeeModalPresentationViewController.m */,
			);
			path = LeeModalPresentation;
			sourceTree = "<group>";
		};
		9BB4672A203C432E00F39BBC /* TagView */ = {
			isa = PBXGroup;
			children = (
				9BB4672B203C438500F39BBC /* TagConfig.h */,
				9BB4672C203C438500F39BBC /* TagConfig.m */,
				9B9A7C8F20455C71000EAC50 /* TagView.h */,
				9B9A7C9020455C71000EAC50 /* TagView.m */,
				9BB4672F203C56F600F39BBC /* UIImage+corner.h */,
				9BB46730203C56F600F39BBC /* UIImage+corner.m */,
				9BB467322043BE3300F39BBC /* UIView+corner.h */,
				9BB467332043BE3300F39BBC /* UIView+corner.m */,
				9B9A7C882044FF12000EAC50 /* ImageClipedManager.h */,
				9B9A7C892044FF12000EAC50 /* ImageClipedManager.m */,
				9B9A7C8B20454F5A000EAC50 /* UIButton+imageCliped.h */,
				9B9A7C8C20454F5A000EAC50 /* UIButton+imageCliped.m */,
			);
			path = TagView;
			sourceTree = "<group>";
		};
		9BB4672E203C4ADC00F39BBC /* CustomSegment */ = {
			isa = PBXGroup;
			children = (
			);
			path = CustomSegment;
			sourceTree = "<group>";
		};
		9BEEC3951FE35CE80016D5DD /* NavigationBar */ = {
			isa = PBXGroup;
			children = (
				9BEEC3991FE35DA30016D5DD /* LeeCustomNavigationBar.h */,
				9BEEC39A1FE35DA30016D5DD /* LeeCustomNavigationBar.m */,
				9B9D93DC204D000800FBB054 /* UINavigationBar+Transition.h */,
				9B9D93DD204D000800FBB054 /* UINavigationBar+Transition.m */,
				9B9D93DF204D31FC00FBB054 /* UINavigationController+NavigationBarTransition.h */,
				9B9D93E0204D31FC00FBB054 /* UINavigationController+NavigationBarTransition.m */,
				9B9D93E2204D434B00FBB054 /* LeeNavigationControllerDelegate.h */,
				9B9D93E3204D47A200FBB054 /* LeeNavigationController.h */,
				9B9D93E4204D47A200FBB054 /* LeeNavigationController.m */,
			);
			path = NavigationBar;
			sourceTree = "<group>";
		};
		9BFC7BAD1FE2265300C53E54 = {
			isa = PBXGroup;
			children = (
				9BFC7BB81FE2265300C53E54 /* LeeKit */,
				9BFC7BB71FE2265300C53E54 /* Products */,
			);
			sourceTree = "<group>";
		};
		9BFC7BB71FE2265300C53E54 /* Products */ = {
			isa = PBXGroup;
			children = (
				9BFC7BB61FE2265300C53E54 /* LeeKit.app */,
			);
			name = Products;
			sourceTree = "<group>";
		};
		9BFC7BB81FE2265300C53E54 /* LeeKit */ = {
			isa = PBXGroup;
			children = (
				9B07E51B205B95B800EC614C /* LeeAlert */,
				9BA8CCB4205A6E0D00968DC3 /* LeeModalPresentation */,
				9B0522452059154A002879FC /* LeePopupView */,
				9B1CE52E205669590025A143 /* LeeToastView */,
				9B9D94242051285B00FBB054 /* CustomSystemUIKit */,
				9B9D93ED204E414C00FBB054 /* FoundationCategory */,
				9B9D93E6204E39C300FBB054 /* UIKitCategory */,
				9BB4672E203C4ADC00F39BBC /* CustomSegment */,
				9BB4672A203C432E00F39BBC /* TagView */,
				9B39B8D2201C55D0009156BC /* ModalView */,
				9B7B03EE20159695001CDAEB /* BannerScroll */,
				9B4B6F631FFC83D60032C025 /* ORMDB */,
				9BEEC3951FE35CE80016D5DD /* NavigationBar */,
				9BFC7BCF1FE2266100C53E54 /* NetWork */,
				9BFC7BB91FE2265300C53E54 /* AppDelegate.h */,
				9BFC7BBA1FE2265300C53E54 /* AppDelegate.m */,
				9B39B8D720201CA7009156BC /* RedView.h */,
				9B39B8D820201CA7009156BC /* RedView.m */,
				9BFC7BBC1FE2265300C53E54 /* ViewController.h */,
				9BFC7BBD1FE2265300C53E54 /* ViewController.m */,
				9BFC7BBF1FE2265300C53E54 /* Main.storyboard */,
				9BFC7BC21FE2265300C53E54 /* Assets.xcassets */,
				9BFC7BC41FE2265300C53E54 /* LaunchScreen.storyboard */,
				9BFC7BC71FE2265300C53E54 /* Info.plist */,
				9BFC7BC81FE2265300C53E54 /* main.m */,
			);
			path = LeeKit;
			sourceTree = "<group>";
		};
		9BFC7BCF1FE2266100C53E54 /* NetWork */ = {
			isa = PBXGroup;
			children = (
				9BFC7BD01FE2267D00C53E54 /* Dependcy */,
				9BFC7C131FE2272100C53E54 /* LeeNetworkHelper.h */,
				9BFC7C141FE2272100C53E54 /* LeeNetworkHelper.m */,
				9BFC7C161FE2273A00C53E54 /* LeeNetworkCache.h */,
				9BFC7C171FE2273A00C53E54 /* LeeNetworkCache.m */,
			);
			path = NetWork;
			sourceTree = "<group>";
		};
		9BFC7BD01FE2267D00C53E54 /* Dependcy */ = {
			isa = PBXGroup;
			children = (
				9BFC7BDE1FE226C500C53E54 /* AFNetworking */,
				9BFC7BD11FE2269B00C53E54 /* YYCache */,
			);
			path = Dependcy;
			sourceTree = "<group>";
		};
		9BFC7BD11FE2269B00C53E54 /* YYCache */ = {
			isa = PBXGroup;
			children = (
				9BFC7BD21FE2269B00C53E54 /* YYDiskCache.m */,
				9BFC7BD31FE2269B00C53E54 /* YYKVStorage.h */,
				9BFC7BD41FE2269B00C53E54 /* YYCache.m */,
				9BFC7BD51FE2269B00C53E54 /* YYMemoryCache.h */,
				9BFC7BD61FE2269B00C53E54 /* YYDiskCache.h */,
				9BFC7BD71FE2269B00C53E54 /* YYCache.h */,
				9BFC7BD81FE2269B00C53E54 /* YYKVStorage.m */,
				9BFC7BD91FE2269B00C53E54 /* YYMemoryCache.m */,
			);
			path = YYCache;
			sourceTree = "<group>";
		};
		9BFC7BDE1FE226C500C53E54 /* AFNetworking */ = {
			isa = PBXGroup;
			children = (
				9BFC7BDF1FE226C500C53E54 /* LICENSE */,
				9BFC7BE01FE226C500C53E54 /* README.md */,
				9BFC7BE11FE226C500C53E54 /* UIKit+AFNetworking */,
				9BFC7BF61FE226C500C53E54 /* AFNetworking */,
			);
			path = AFNetworking;
			sourceTree = "<group>";
		};
		9BFC7BE11FE226C500C53E54 /* UIKit+AFNetworking */ = {
			isa = PBXGroup;
			children = (
				9BFC7BE21FE226C500C53E54 /* UIProgressView+AFNetworking.m */,
				9BFC7BE31FE226C500C53E54 /* UIButton+AFNetworking.h */,
				9BFC7BE41FE226C500C53E54 /* UIRefreshControl+AFNetworking.m */,
				9BFC7BE51FE226C500C53E54 /* UIImageView+AFNetworking.h */,
				9BFC7BE61FE226C500C53E54 /* AFImageDownloader.h */,
				9BFC7BE71FE226C500C53E54 /* AFNetworkActivityIndicatorManager.m */,
				9BFC7BE81FE226C500C53E54 /* AFAutoPurgingImageCache.h */,
				9BFC7BE91FE226C500C53E54 /* UIWebView+AFNetworking.h */,
				9BFC7BEA1FE226C500C53E54 /* UIActivityIndicatorView+AFNetworking.h */,
				9BFC7BEB1FE226C500C53E54 /* UIImage+AFNetworking.h */,
				9BFC7BEC1FE226C500C53E54 /* UIProgressView+AFNetworking.h */,
				9BFC7BED1FE226C500C53E54 /* UIImageView+AFNetworking.m */,
				9BFC7BEE1FE226C500C53E54 /* UIKit+AFNetworking.h */,
				9BFC7BEF1FE226C500C53E54 /* UIRefreshControl+AFNetworking.h */,
				9BFC7BF01FE226C500C53E54 /* UIButton+AFNetworking.m */,
				9BFC7BF11FE226C500C53E54 /* UIActivityIndicatorView+AFNetworking.m */,
				9BFC7BF21FE226C500C53E54 /* UIWebView+AFNetworking.m */,
				9BFC7BF31FE226C500C53E54 /* AFAutoPurgingImageCache.m */,
				9BFC7BF41FE226C500C53E54 /* AFNetworkActivityIndicatorManager.h */,
				9BFC7BF51FE226C500C53E54 /* AFImageDownloader.m */,
			);
			path = "UIKit+AFNetworking";
			sourceTree = "<group>";
		};
		9BFC7BF61FE226C500C53E54 /* AFNetworking */ = {
			isa = PBXGroup;
			children = (
				9BFC7BF71FE226C500C53E54 /* AFSecurityPolicy.h */,
				9BFC7BF81FE226C500C53E54 /* AFNetworkReachabilityManager.h */,
				9BFC7BF91FE226C500C53E54 /* AFURLSessionManager.h */,
				9BFC7BFA1FE226C500C53E54 /* AFURLRequestSerialization.h */,
				9BFC7BFB1FE226C500C53E54 /* AFURLResponseSerialization.m */,
				9BFC7BFC1FE226C500C53E54 /* AFHTTPSessionManager.m */,
				9BFC7BFD1FE226C500C53E54 /* AFURLResponseSerialization.h */,
				9BFC7BFE1FE226C500C53E54 /* AFURLSessionManager.m */,
				9BFC7BFF1FE226C500C53E54 /* AFURLRequestSerialization.m */,
				9BFC7C001FE226C500C53E54 /* AFNetworking.h */,
				9BFC7C011FE226C500C53E54 /* AFNetworkReachabilityManager.m */,
				9BFC7C021FE226C500C53E54 /* AFSecurityPolicy.m */,
				9BFC7C031FE226C500C53E54 /* AFHTTPSessionManager.h */,
			);
			path = AFNetworking;
			sourceTree = "<group>";
		};
/* End PBXGroup section */

/* Begin PBXNativeTarget section */
		9BFC7BB51FE2265300C53E54 /* LeeKit */ = {
			isa = PBXNativeTarget;
			buildConfigurationList = 9BFC7BCC1FE2265300C53E54 /* Build configuration list for PBXNativeTarget "LeeKit" */;
			buildPhases = (
				9BFC7BB21FE2265300C53E54 /* Sources */,
				9BFC7BB31FE2265300C53E54 /* Frameworks */,
				9BFC7BB41FE2265300C53E54 /* Resources */,
			);
			buildRules = (
			);
			dependencies = (
			);
			name = LeeKit;
			productName = LeeKit;
			productReference = 9BFC7BB61FE2265300C53E54 /* LeeKit.app */;
			productType = "com.apple.product-type.application";
		};
/* End PBXNativeTarget section */

/* Begin PBXProject section */
		9BFC7BAE1FE2265300C53E54 /* Project object */ = {
			isa = PBXProject;
			attributes = {
				LastUpgradeCheck = 0900;
				ORGANIZATIONNAME = Lee;
				TargetAttributes = {
					9BFC7BB51FE2265300C53E54 = {
						CreatedOnToolsVersion = 9.0;
						ProvisioningStyle = Automatic;
					};
				};
			};
			buildConfigurationList = 9BFC7BB11FE2265300C53E54 /* Build configuration list for PBXProject "LeeKit" */;
			compatibilityVersion = "Xcode 8.0";
			developmentRegion = en;
			hasScannedForEncodings = 0;
			knownRegions = (
				en,
				Base,
			);
			mainGroup = 9BFC7BAD1FE2265300C53E54;
			productRefGroup = 9BFC7BB71FE2265300C53E54 /* Products */;
			projectDirPath = "";
			projectRoot = "";
			targets = (
				9BFC7BB51FE2265300C53E54 /* LeeKit */,
			);
		};
/* End PBXProject section */

/* Begin PBXResourcesBuildPhase section */
		9BFC7BB41FE2265300C53E54 /* Resources */ = {
			isa = PBXResourcesBuildPhase;
			buildActionMask = 2147483647;
			files = (
				9B05223E2057BEBC002879FC /* LeeToastResource.bundle in Resources */,
				9BFC7BC61FE2265300C53E54 /* LaunchScreen.storyboard in Resources */,
				9BFC7BC31FE2265300C53E54 /* Assets.xcassets in Resources */,
				9BFC7BC11FE2265300C53E54 /* Main.storyboard in Resources */,
			);
			runOnlyForDeploymentPostprocessing = 0;
		};
/* End PBXResourcesBuildPhase section */

/* Begin PBXSourcesBuildPhase section */
		9BFC7BB21FE2265300C53E54 /* Sources */ = {
			isa = PBXSourcesBuildPhase;
			buildActionMask = 2147483647;
			files = (
				9B07E51E205B964A00EC614C /* LeeAlertViewController.m in Sources */,
				9B0522442058C388002879FC /* LeeButton.m in Sources */,
				9B05220520576F76002879FC /* LeeKeyboardManager.m in Sources */,
				9BFC7C151FE2272100C53E54 /* LeeNetworkHelper.m in Sources */,
				9B9A7C8D20454F5A000EAC50 /* UIButton+imageCliped.m in Sources */,
				9B9D9423205114C200FBB054 /* UIViewController+Lee.m in Sources */,
				9BFC7C0A1FE226E700C53E54 /* UIProgressView+AFNetworking.m in Sources */,
				9B1CE52A205380AF0025A143 /* LeeGridView.m in Sources */,
				9B05224B205915DB002879FC /* LeePopupMenuView.m in Sources */,
				9BFC7C0D1FE226F000C53E54 /* UIImageView+AFNetworking.m in Sources */,
				9B1CE531205669950025A143 /* LeeToastAnimator.m in Sources */,
				9B9D9416204FDB6900FBB054 /* UITabBarItem+Lee.m in Sources */,
				9BFC7C0E1FE226F400C53E54 /* UIButton+AFNetworking.m in Sources */,
				9BFC7BDC1FE226A900C53E54 /* YYKVStorage.m in Sources */,
				9B9D93EC204E3A4000FBB054 /* CALayer+Lee.m in Sources */,
				9B9D942E2052714B00FBB054 /* LeeUILabel.m in Sources */,
				9BFC7C0B1FE226E900C53E54 /* UIRefreshControl+AFNetworking.m in Sources */,
				9BFC7BBE1FE2265300C53E54 /* ViewController.m in Sources */,
				9BFC7C0C1FE226EC00C53E54 /* AFNetworkActivityIndicatorManager.m in Sources */,
				9BFC7BDA1FE226A300C53E54 /* YYDiskCache.m in Sources */,
				9B9D93FC204E4F2600FBB054 /* UIButton+Lee.m in Sources */,
				9BB4672D203C438500F39BBC /* TagConfig.m in Sources */,
				9B9A7C9120455C71000EAC50 /* TagView.m in Sources */,
				9B4B6F681FFC92010032C025 /* Lee_SQLBuilder.m in Sources */,
				9BFC7C0F1FE226F600C53E54 /* UIActivityIndicatorView+AFNetworking.m in Sources */,
				9BFC7C051FE226D400C53E54 /* AFHTTPSessionManager.m in Sources */,
				9B9D93E5204D47A200FBB054 /* LeeNavigationController.m in Sources */,
				9BEEC39B1FE35DA30016D5DD /* LeeCustomNavigationBar.m in Sources */,
				9B9D93F3204E468800FBB054 /* NSString+Lee.m in Sources */,
				9BB467342043BE3300F39BBC /* UIView+corner.m in Sources */,
				9B9D9410204FD58B00FBB054 /* UIScrollView+Lee.m in Sources */,
				9B1CE534205669B90025A143 /* LeeToastBackgroundView.m in Sources */,
				9BFC7BC91FE2265300C53E54 /* main.m in Sources */,
				9B9D93FF204E599800FBB054 /* UIColor+Lee.m in Sources */,
				9BFC7C061FE226D700C53E54 /* AFURLSessionManager.m in Sources */,
				9BFC7C111FE226FD00C53E54 /* AFAutoPurgingImageCache.m in Sources */,
				9B1CE537205669D20025A143 /* LeeToastContentView.m in Sources */,
				9B60CDB1205E51B000205988 /* LeeVisualEffectView.m in Sources */,
				9B9D9413204FD95500FBB054 /* UITabBar+Lee.m in Sources */,
				9B9D93F6204E484C00FBB054 /* UIActivityIndicatorView+Lee.m in Sources */,
				9BA8CCB7205A6E8B00968DC3 /* LeeModalPresentationViewController.m in Sources */,
				9BFC7C101FE226F900C53E54 /* UIWebView+AFNetworking.m in Sources */,
				9BB46731203C56F600F39BBC /* UIImage+corner.m in Sources */,
				9B0522412057C549002879FC /* LeeMarqueeLabel.m in Sources */,
				9B60CDB4205E53B800205988 /* UIImageEffects.m in Sources */,
				9B0522082057AFFF002879FC /* LeeTips.m in Sources */,
				9B1CE53A205669F20025A143 /* LeeToastView.m in Sources */,
				9B9D9427205128AD00FBB054 /* LeeCollectionViewPageLayout.m in Sources */,
				9B9D940A204FC9E900FBB054 /* UIImageView+Lee.m in Sources */,
				9BFC7BBB1FE2265300C53E54 /* AppDelegate.m in Sources */,
				9B9D93F0204E416E00FBB054 /* NSAttributedString+Lee.m in Sources */,
				9BFC7C181FE2273A00C53E54 /* LeeNetworkCache.m in Sources */,
				9BFC7C071FE226D900C53E54 /* AFURLRequestSerialization.m in Sources */,
				9B052248205915C1002879FC /* LeePopupContainerView.m in Sources */,
				9B4B6F6B1FFC9BED0032C025 /* Lee_SQLSelectBuilder.m in Sources */,
				9B1CE52D205620360025A143 /* LeeEmptyView.m in Sources */,
				9B9D9402204E608B00FBB054 /* UIControl+Lee.m in Sources */,
				9BFC7BDD1FE226AD00C53E54 /* YYMemoryCache.m in Sources */,
				9B4B6F6E1FFCB0360032C025 /* Lee_SQLInsertBuilder.m in Sources */,
				9B7B03F120159704001CDAEB /* InfiniteBanner.m in Sources */,
				9B39B8D5201C5620009156BC /* ModalView.m in Sources */,
				9B7B03F42015986E001CDAEB /* InfiniteConfiguration.m in Sources */,
				9B9D93F9204E48E500FBB054 /* UIBezierPath+Lee.m in Sources */,
				9B9D93DE204D000800FBB054 /* UINavigationBar+Transition.m in Sources */,
				9B9D9420205102C800FBB054 /* UIView+Lee.m in Sources */,
				9B9D93E1204D31FC00FBB054 /* UINavigationController+NavigationBarTransition.m in Sources */,
				9B9D941C204FE81F00FBB054 /* UITextView+Lee.m in Sources */,
				9B9D9405204E745A00FBB054 /* UIImage+Lee.m in Sources */,
				9B39B8D920201CA7009156BC /* RedView.m in Sources */,
				9B60CDB7205E548400205988 /* LeeFloatLayout.m in Sources */,
				9B9A7C8A2044FF12000EAC50 /* ImageClipedManager.m in Sources */,
				9B1CE513205282140025A143 /* LeeUITextField.m in Sources */,
				9BFC7C091FE226DF00C53E54 /* AFSecurityPolicy.m in Sources */,
				9B9D940D204FCDEB00FBB054 /* UILabel+Lee.m in Sources */,
				9BFC7C041FE226D100C53E54 /* AFURLResponseSerialization.m in Sources */,
				9B9D9419204FE70900FBB054 /* UITextField+Lee.m in Sources */,
				9BFC7C081FE226DC00C53E54 /* AFNetworkReachabilityManager.m in Sources */,
				9BFC7BDB1FE226A600C53E54 /* YYCache.m in Sources */,
				9BFC7C121FE2270200C53E54 /* AFImageDownloader.m in Sources */,
			);
			runOnlyForDeploymentPostprocessing = 0;
		};
/* End PBXSourcesBuildPhase section */

/* Begin PBXVariantGroup section */
		9BFC7BBF1FE2265300C53E54 /* Main.storyboard */ = {
			isa = PBXVariantGroup;
			children = (
				9BFC7BC01FE2265300C53E54 /* Base */,
			);
			name = Main.storyboard;
			sourceTree = "<group>";
		};
		9BFC7BC41FE2265300C53E54 /* LaunchScreen.storyboard */ = {
			isa = PBXVariantGroup;
			children = (
				9BFC7BC51FE2265300C53E54 /* Base */,
			);
			name = LaunchScreen.storyboard;
			sourceTree = "<group>";
		};
/* End PBXVariantGroup section */

/* Begin XCBuildConfiguration section */
		9BFC7BCA1FE2265300C53E54 /* Debug */ = {
			isa = XCBuildConfiguration;
			buildSettings = {
				ALWAYS_SEARCH_USER_PATHS = NO;
				CLANG_ANALYZER_NONNULL = YES;
				CLANG_ANALYZER_NUMBER_OBJECT_CONVERSION = YES_AGGRESSIVE;
				CLANG_CXX_LANGUAGE_STANDARD = "gnu++14";
				CLANG_CXX_LIBRARY = "libc++";
				CLANG_ENABLE_MODULES = YES;
				CLANG_ENABLE_OBJC_ARC = YES;
				CLANG_WARN_BLOCK_CAPTURE_AUTORELEASING = YES;
				CLANG_WARN_BOOL_CONVERSION = YES;
				CLANG_WARN_COMMA = YES;
				CLANG_WARN_CONSTANT_CONVERSION = YES;
				CLANG_WARN_DIRECT_OBJC_ISA_USAGE = YES_ERROR;
				CLANG_WARN_DOCUMENTATION_COMMENTS = YES;
				CLANG_WARN_EMPTY_BODY = YES;
				CLANG_WARN_ENUM_CONVERSION = YES;
				CLANG_WARN_INFINITE_RECURSION = YES;
				CLANG_WARN_INT_CONVERSION = YES;
				CLANG_WARN_NON_LITERAL_NULL_CONVERSION = YES;
				CLANG_WARN_OBJC_LITERAL_CONVERSION = YES;
				CLANG_WARN_OBJC_ROOT_CLASS = YES_ERROR;
				CLANG_WARN_RANGE_LOOP_ANALYSIS = YES;
				CLANG_WARN_STRICT_PROTOTYPES = YES;
				CLANG_WARN_SUSPICIOUS_MOVE = YES;
				CLANG_WARN_UNGUARDED_AVAILABILITY = YES_AGGRESSIVE;
				CLANG_WARN_UNREACHABLE_CODE = YES;
				CLANG_WARN__DUPLICATE_METHOD_MATCH = YES;
				CODE_SIGN_IDENTITY = "iPhone Developer";
				COPY_PHASE_STRIP = NO;
				DEBUG_INFORMATION_FORMAT = dwarf;
				ENABLE_STRICT_OBJC_MSGSEND = YES;
				ENABLE_TESTABILITY = YES;
				GCC_C_LANGUAGE_STANDARD = gnu11;
				GCC_DYNAMIC_NO_PIC = NO;
				GCC_NO_COMMON_BLOCKS = YES;
				GCC_OPTIMIZATION_LEVEL = 0;
				GCC_PREPROCESSOR_DEFINITIONS = (
					"DEBUG=1",
					"$(inherited)",
				);
				GCC_WARN_64_TO_32_BIT_CONVERSION = YES;
				GCC_WARN_ABOUT_RETURN_TYPE = YES_ERROR;
				GCC_WARN_UNDECLARED_SELECTOR = YES;
				GCC_WARN_UNINITIALIZED_AUTOS = YES_AGGRESSIVE;
				GCC_WARN_UNUSED_FUNCTION = YES;
				GCC_WARN_UNUSED_VARIABLE = YES;
				IPHONEOS_DEPLOYMENT_TARGET = 9.0;
				MTL_ENABLE_DEBUG_INFO = YES;
				ONLY_ACTIVE_ARCH = YES;
				SDKROOT = iphoneos;
			};
			name = Debug;
		};
		9BFC7BCB1FE2265300C53E54 /* Release */ = {
			isa = XCBuildConfiguration;
			buildSettings = {
				ALWAYS_SEARCH_USER_PATHS = NO;
				CLANG_ANALYZER_NONNULL = YES;
				CLANG_ANALYZER_NUMBER_OBJECT_CONVERSION = YES_AGGRESSIVE;
				CLANG_CXX_LANGUAGE_STANDARD = "gnu++14";
				CLANG_CXX_LIBRARY = "libc++";
				CLANG_ENABLE_MODULES = YES;
				CLANG_ENABLE_OBJC_ARC = YES;
				CLANG_WARN_BLOCK_CAPTURE_AUTORELEASING = YES;
				CLANG_WARN_BOOL_CONVERSION = YES;
				CLANG_WARN_COMMA = YES;
				CLANG_WARN_CONSTANT_CONVERSION = YES;
				CLANG_WARN_DIRECT_OBJC_ISA_USAGE = YES_ERROR;
				CLANG_WARN_DOCUMENTATION_COMMENTS = YES;
				CLANG_WARN_EMPTY_BODY = YES;
				CLANG_WARN_ENUM_CONVERSION = YES;
				CLANG_WARN_INFINITE_RECURSION = YES;
				CLANG_WARN_INT_CONVERSION = YES;
				CLANG_WARN_NON_LITERAL_NULL_CONVERSION = YES;
				CLANG_WARN_OBJC_LITERAL_CONVERSION = YES;
				CLANG_WARN_OBJC_ROOT_CLASS = YES_ERROR;
				CLANG_WARN_RANGE_LOOP_ANALYSIS = YES;
				CLANG_WARN_STRICT_PROTOTYPES = YES;
				CLANG_WARN_SUSPICIOUS_MOVE = YES;
				CLANG_WARN_UNGUARDED_AVAILABILITY = YES_AGGRESSIVE;
				CLANG_WARN_UNREACHABLE_CODE = YES;
				CLANG_WARN__DUPLICATE_METHOD_MATCH = YES;
				CODE_SIGN_IDENTITY = "iPhone Developer";
				COPY_PHASE_STRIP = NO;
				DEBUG_INFORMATION_FORMAT = "dwarf-with-dsym";
				ENABLE_NS_ASSERTIONS = NO;
				ENABLE_STRICT_OBJC_MSGSEND = YES;
				GCC_C_LANGUAGE_STANDARD = gnu11;
				GCC_NO_COMMON_BLOCKS = YES;
				GCC_WARN_64_TO_32_BIT_CONVERSION = YES;
				GCC_WARN_ABOUT_RETURN_TYPE = YES_ERROR;
				GCC_WARN_UNDECLARED_SELECTOR = YES;
				GCC_WARN_UNINITIALIZED_AUTOS = YES_AGGRESSIVE;
				GCC_WARN_UNUSED_FUNCTION = YES;
				GCC_WARN_UNUSED_VARIABLE = YES;
				IPHONEOS_DEPLOYMENT_TARGET = 9.0;
				MTL_ENABLE_DEBUG_INFO = NO;
				SDKROOT = iphoneos;
				VALIDATE_PRODUCT = YES;
			};
			name = Release;
		};
		9BFC7BCD1FE2265300C53E54 /* Debug */ = {
			isa = XCBuildConfiguration;
			buildSettings = {
				ASSETCATALOG_COMPILER_APPICON_NAME = AppIcon;
				CODE_SIGN_STYLE = Automatic;
				DEVELOPMENT_TEAM = 4U3X9BDWQG;
				INFOPLIST_FILE = LeeKit/Info.plist;
				LD_RUNPATH_SEARCH_PATHS = "$(inherited) @executable_path/Frameworks";
				PRODUCT_BUNDLE_IDENTIFIER = com.lee.LeeKit;
				PRODUCT_NAME = "$(TARGET_NAME)";
				TARGETED_DEVICE_FAMILY = "1,2";
			};
			name = Debug;
		};
		9BFC7BCE1FE2265300C53E54 /* Release */ = {
			isa = XCBuildConfiguration;
			buildSettings = {
				ASSETCATALOG_COMPILER_APPICON_NAME = AppIcon;
				CODE_SIGN_STYLE = Automatic;
				DEVELOPMENT_TEAM = 4U3X9BDWQG;
				INFOPLIST_FILE = LeeKit/Info.plist;
				LD_RUNPATH_SEARCH_PATHS = "$(inherited) @executable_path/Frameworks";
				PRODUCT_BUNDLE_IDENTIFIER = com.lee.LeeKit;
				PRODUCT_NAME = "$(TARGET_NAME)";
				TARGETED_DEVICE_FAMILY = "1,2";
			};
			name = Release;
		};
/* End XCBuildConfiguration section */

/* Begin XCConfigurationList section */
		9BFC7BB11FE2265300C53E54 /* Build configuration list for PBXProject "LeeKit" */ = {
			isa = XCConfigurationList;
			buildConfigurations = (
				9BFC7BCA1FE2265300C53E54 /* Debug */,
				9BFC7BCB1FE2265300C53E54 /* Release */,
			);
			defaultConfigurationIsVisible = 0;
			defaultConfigurationName = Release;
		};
		9BFC7BCC1FE2265300C53E54 /* Build configuration list for PBXNativeTarget "LeeKit" */ = {
			isa = XCConfigurationList;
			buildConfigurations = (
				9BFC7BCD1FE2265300C53E54 /* Debug */,
				9BFC7BCE1FE2265300C53E54 /* Release */,
			);
			defaultConfigurationIsVisible = 0;
			defaultConfigurationName = Release;
		};
/* End XCConfigurationList section */
	};
	rootObject = 9BFC7BAE1FE2265300C53E54 /* Project object */;
}
